Microsoft Visual Studio Solution File, Format Version 12.00
# Visual Studio Version 17
VisualStudioVersion = 17.5.2.0
MinimumVisualStudioVersion = 10.0.40219.1
Project("{FAE04EC0-301F-11D3-BF4B-00C04F79EFBC}") = "SalaryCalculator", "SalaryCalculator.csproj", "{8116DDE2-5169-6D1A-84DB-8DDBCB9C5959}"
EndProject
Global
	GlobalSection(SolutionConfigurationPlatforms) = preSolution
		Debug|Any CPU = Debug|Any CPU
		Release|Any CPU = Release|Any CPU
	EndGlobalSection
	GlobalSection(ProjectConfigurationPlatforms) = postSolution
		{8116DDE2-5169-6D1A-84DB-8DDBCB9C5959}.Debug|Any CPU.ActiveCfg = Debug|Any CPU
		{8116DDE2-5169-6D1A-84DB-8DDBCB9C5959}.Debug|Any CPU.Build.0 = Debug|Any CPU
		{8116DDE2-5169-6D1A-84DB-8DDBCB9C5959}.Release|Any CPU.ActiveCfg = Release|Any CPU
		{8116DDE2-5169-6D1A-84DB-8DDBCB9C5959}.Release|Any CPU.Build.0 = Release|Any CPU
	EndGlobalSection
	GlobalSection(SolutionProperties) = preSolution
		HideSolutionNode = FALSE
	EndGlobalSection
	GlobalSection(ExtensibilityGlobals) = postSolution
		SolutionGuid = {DB9B94D6-808E-40A6-A5D1-22237A853C59}
	EndGlobalSection
EndGlobal
